
Microsoft Visual Studio Solution File, Format Version 12.00
# Visual Studio 15
VisualStudioVersion = 15.0.27128.1
MinimumVisualStudioVersion = 10.0.40219.1
Project("{FAE04EC0-301F-11D3-BF4B-00C04F79EFBC}") = "Srx.Util", "Srx.Util\Srx.Util.csproj", "{CAC982EA-C70E-48FB-B612-27D68A323B42}"
EndProject
Global
	GlobalSection(SolutionConfigurationPlatforms) = preSolution
		Debug|Any CPU = Debug|Any CPU
		Release|Any CPU = Release|Any CPU
	EndGlobalSection
	GlobalSection(ProjectConfigurationPlatforms) = postSolution
		{CAC982EA-C70E-48FB-B612-27D68A323B42}.Debug|Any CPU.ActiveCfg = Debug|Any CPU
		{CAC982EA-C70E-48FB-B612-27D68A323B42}.Debug|Any CPU.Build.0 = Debug|Any CPU
		{CAC982EA-C70E-48FB-B612-27D68A323B42}.Release|Any CPU.ActiveCfg = Release|Any CPU
		{CAC982EA-C70E-48FB-B612-27D68A323B42}.Release|Any CPU.Build.0 = Release|Any CPU
	EndGlobalSection
	GlobalSection(SolutionProperties) = preSolution
		HideSolutionNode = FALSE
	EndGlobalSection
	GlobalSection(ExtensibilityGlobals) = postSolution
		SolutionGuid = {B54FC7DF-5832-4EC7-9F26-A1352187EA53}
	EndGlobalSection
EndGlobal
